# THIS IS AN AUTOGENERATED FILE. DO NOT EDIT THIS FILE DIRECTLY.
# yarn lockfile v1


"@sourcegraph/prettierrc@^3.0.2":
  version "3.0.2"
  resolved "https://registry.yarnpkg.com/@sourcegraph/prettierrc/-/prettierrc-3.0.2.tgz#a8fb80ed5712a59cd60eb62f0969090ebc386a80"
  integrity sha512-HCEKIIgOLap22yvnMcr+v6X/1LK6LuVd5MhGLxjYsb7irI2KNEQpalR5SKjsfYPawzVcgCPu1QsD0Oy4iGdPuA==

path-browserify@^1.0.0:
  version "1.0.0"
  resolved "https://registry.yarnpkg.com/path-browserify/-/path-browserify-1.0.0.tgz#40702a97af46ae00b0ea6fa8998c0b03c0af160d"
  integrity sha512-Hkavx/nY4/plImrZPHRk2CL9vpOymZLgEbMNX1U0bjcBL7QN9wODxyx0yaMZURSQaUtSEvDrfAvxa9oPb0at9g==

prettier@^1.19.1:
  version "1.19.1"
  resolved "https://registry.yarnpkg.com/prettier/-/prettier-1.19.1.tgz#f7d7f5ff8a9cd872a7be4ca142095956a60797cb"
  integrity sha512-s7PoyDv/II1ObgQunCbB9PdLmUcBZcnWOcxDh7O0N/UwDEsHyqkW+Qh28jW+mVuCdx7gLB0BotYI1Y6uI9iyew==

typescript@^3.7.2:
  version "3.7.5"
  resolved "https://registry.yarnpkg.com/typescript/-/typescript-3.7.5.tgz#0692e21f65fd4108b9330238aac11dd2e177a1ae"
  integrity sha512-/P5lkRXkWHNAbcJIiHPfRoKqyd7bsyCma1hZNUGfn20qm64T6ZBlrzprymeu918H+mB/0rIg2gGK/BXkhhYgBw==
